
Microsoft Visual Studio Solution File, Format Version 12.00
# Visual Studio Version 17
VisualStudioVersion = 17.6.33815.320
MinimumVisualStudioVersion = 10.0.40219.1
Project("{8BC9CEB8-8B4A-11D0-8D11-00A0C91BC942}") = "Template Titans", "Template Titans\Template Titans.vcxproj", "{605F3E0D-A59D-42B5-9F90-A5E1CC3F3508}"
EndProject
Global
	GlobalSection(SolutionConfigurationPlatforms) = preSolution
		Debug|x64 = Debug|x64
		Debug|x86 = Debug|x86
		Release|x64 = Release|x64
		Release|x86 = Release|x86
	EndGlobalSection
	GlobalSection(ProjectConfigurationPlatforms) = postSolution
		{605F3E0D-A59D-42B5-9F90-A5E1CC3F3508}.Debug|x64.ActiveCfg = Debug|x64
		{605F3E0D-A59D-42B5-9F90-A5E1CC3F3508}.Debug|x64.Build.0 = Debug|x64
		{605F3E0D-A59D-42B5-9F90-A5E1CC3F3508}.Debug|x86.ActiveCfg = Debug|Win32
		{605F3E0D-A59D-42B5-9F90-A5E1CC3F3508}.Debug|x86.Build.0 = Debug|Win32
		{605F3E0D-A59D-42B5-9F90-A5E1CC3F3508}.Release|x64.ActiveCfg = Release|x64
		{605F3E0D-A59D-42B5-9F90-A5E1CC3F3508}.Release|x64.Build.0 = Release|x64
		{605F3E0D-A59D-42B5-9F90-A5E1CC3F3508}.Release|x86.ActiveCfg = Release|Win32
		{605F3E0D-A59D-42B5-9F90-A5E1CC3F3508}.Release|x86.Build.0 = Release|Win32
	EndGlobalSection
	GlobalSection(SolutionProperties) = preSolution
		HideSolutionNode = FALSE
	EndGlobalSection
	GlobalSection(ExtensibilityGlobals) = postSolution
		SolutionGuid = {42ADFD26-74DA-484B-8D37-B592F3EF1EAA}
	EndGlobalSection
EndGlobal
